{
  "name": "exoe",
  "version": "1.0.0",
  "lockfileVersion": 2,
  "requires": true,
  "packages": {
    "": {
      "name": "exoe",
      "version": "1.0.0",
      "license": "ISC",
      "dependencies": {
        "katex": "^0.16.7",
        "typescript": "^5.0.4"
      },
      "devDependencies": {
        "@types/katex": "^0.16.0",
        "@types/node": "^20.1.7"
      }
    },
    "node_modules/@types/katex": {
      "version": "0.16.0",
      "resolved": "https://registry.npmjs.org/@types/katex/-/katex-0.16.0.tgz",
      "integrity": "sha512-hz+S3nV6Mym5xPbT9fnO8dDhBFQguMYpY0Ipxv06JMi1ORgnEM4M1ymWDUhUNer3ElLmT583opRo4RzxKmh9jw==",
      "dev": true
    },
    "node_modules/@types/node": {
      "version": "20.1.7",
      "resolved": "https://registry.npmjs.org/@types/node/-/node-20.1.7.tgz",
      "integrity": "sha512-WCuw/o4GSwDGMoonES8rcvwsig77dGCMbZDrZr2x4ZZiNW4P/gcoZXe/0twgtobcTkmg9TuKflxYL/DuwDyJzg==",
      "dev": true
    },
    "node_modules/commander": {
      "version": "8.3.0",
      "resolved": "https://registry.npmjs.org/commander/-/commander-8.3.0.tgz",
      "integrity": "sha512-OkTL9umf+He2DZkUq8f8J9of7yL6RJKI24dVITBmNfZBmri9zYZQrKkuXiKhyfPSu8tUhnVBB1iKXevvnlR4Ww==",
      "engines": {
        "node": ">= 12"
      }
    },
    "node_modules/katex": {
      "version": "0.16.7",
      "resolved": "https://registry.npmjs.org/katex/-/katex-0.16.7.tgz",
      "integrity": "sha512-Xk9C6oGKRwJTfqfIbtr0Kes9OSv6IFsuhFGc7tW4urlpMJtuh+7YhzU6YEG9n8gmWKcMAFzkp7nr+r69kV0zrA==",
      "funding": [
        "https://opencollective.com/katex",
        "https://github.com/sponsors/katex"
      ],
      "dependencies": {
        "commander": "^8.3.0"
      },
      "bin": {
        "katex": "cli.js"
      }
    },
    "node_modules/typescript": {
      "version": "5.0.4",
      "resolved": "https://registry.npmjs.org/typescript/-/typescript-5.0.4.tgz",
      "integrity": "sha512-cW9T5W9xY37cc+jfEnaUvX91foxtHkza3Nw3wkoF4sSlKn0MONdkdEndig/qPBWXNkmplh3NzayQzCiHM4/hqw==",
      "bin": {
        "tsc": "bin/tsc",
        "tsserver": "bin/tsserver"
      },
      "engines": {
        "node": ">=12.20"
      }
    }
  },
  "dependencies": {
    "@types/katex": {
      "version": "0.16.0",
      "resolved": "https://registry.npmjs.org/@types/katex/-/katex-0.16.0.tgz",
      "integrity": "sha512-hz+S3nV6Mym5xPbT9fnO8dDhBFQguMYpY0Ipxv06JMi1ORgnEM4M1ymWDUhUNer3ElLmT583opRo4RzxKmh9jw==",
      "dev": true
    },
    "@types/node": {
      "version": "20.1.7",
      "resolved": "https://registry.npmjs.org/@types/node/-/node-20.1.7.tgz",
      "integrity": "sha512-WCuw/o4GSwDGMoonES8rcvwsig77dGCMbZDrZr2x4ZZiNW4P/gcoZXe/0twgtobcTkmg9TuKflxYL/DuwDyJzg==",
      "dev": true
    },
    "commander": {
      "version": "8.3.0",
      "resolved": "https://registry.npmjs.org/commander/-/commander-8.3.0.tgz",
      "integrity": "sha512-OkTL9umf+He2DZkUq8f8J9of7yL6RJKI24dVITBmNfZBmri9zYZQrKkuXiKhyfPSu8tUhnVBB1iKXevvnlR4Ww=="
    },
    "katex": {
      "version": "0.16.7",
      "resolved": "https://registry.npmjs.org/katex/-/katex-0.16.7.tgz",
      "integrity": "sha512-Xk9C6oGKRwJTfqfIbtr0Kes9OSv6IFsuhFGc7tW4urlpMJtuh+7YhzU6YEG9n8gmWKcMAFzkp7nr+r69kV0zrA==",
      "requires": {
        "commander": "^8.3.0"
      }
    },
    "typescript": {
      "version": "5.0.4",
      "resolved": "https://registry.npmjs.org/typescript/-/typescript-5.0.4.tgz",
      "integrity": "sha512-cW9T5W9xY37cc+jfEnaUvX91foxtHkza3Nw3wkoF4sSlKn0MONdkdEndig/qPBWXNkmplh3NzayQzCiHM4/hqw=="
    }
  }
}
